// !$*UTF8*$!
{
	archiveVersion = 1;
	classes = {
	};
	objectVersion = 46;
	objects = {

/* Begin PBXBuildFile section */
		7537E4F51C94A00F0043C863 /* AppDelegate.m in Sources */ = {isa = PBXBuildFile; fileRef = 7537E4F41C94A00F0043C863 /* AppDelegate.m */; };
		7537E4F81C94A00F0043C863 /* main.m in Sources */ = {isa = PBXBuildFile; fileRef = 7537E4F71C94A00F0043C863 /* main.m */; };
		7537E4FB1C94A00F0043C863 /* ViewController.m in Sources */ = {isa = PBXBuildFile; fileRef = 7537E4FA1C94A00F0043C863 /* ViewController.m */; };
		7537E4FD1C94A00F0043C863 /* Assets.xcassets in Resources */ = {isa = PBXBuildFile; fileRef = 7537E4FC1C94A00F0043C863 /* Assets.xcassets */; };
		7537E5001C94A00F0043C863 /* Main.storyboard in Resources */ = {isa = PBXBuildFile; fileRef = 7537E4FE1C94A00F0043C863 /* Main.storyboard */; };
		7537E50E1C94A0C70043C863 /* NotificationCenter.framework in Frameworks */ = {isa = PBXBuildFile; fileRef = 7537E50D1C94A0C70043C863 /* NotificationCenter.framework */; settings = {ASSET_TAGS = (); }; };
		7537E5141C94A0C70043C863 /* TodayViewController.m in Sources */ = {isa = PBXBuildFile; fileRef = 7537E5131C94A0C70043C863 /* TodayViewController.m */; };
		7537E5171C94A0C70043C863 /* TodayViewController.xib in Resources */ = {isa = PBXBuildFile; fileRef = 7537E5151C94A0C70043C863 /* TodayViewController.xib */; };
		7537E51B1C94A0C70043C863 /* InfoPlist.strings in Resources */ = {isa = PBXBuildFile; fileRef = 7537E5191C94A0C70043C863 /* InfoPlist.strings */; };
		7537E51E1C94A0C70043C863 /* todayWidget.appex in Embed App Extensions */ = {isa = PBXBuildFile; fileRef = 7537E50B1C94A0C70043C863 /* todayWidget.appex */; settings = {ATTRIBUTES = (RemoveHeadersOnCopy, ); }; };
		7537E5251C94A9480043C863 /* ClipboardStorage.m in Sources */ = {isa = PBXBuildFile; fileRef = 7537E5241C94A9480043C863 /* ClipboardStorage.m */; settings = {ASSET_TAGS = (); }; };
		754F62EC1C959F5D0096C249 /* DDHotKeyCenter.m in Sources */ = {isa = PBXBuildFile; fileRef = 754F62EB1C959F5D0096C249 /* DDHotKeyCenter.m */; settings = {ASSET_TAGS = (); }; };
		754F62EF1C959F8B0096C249 /* DDHotKeyUtilities.m in Sources */ = {isa = PBXBuildFile; fileRef = 754F62EE1C959F8B0096C249 /* DDHotKeyUtilities.m */; settings = {ASSET_TAGS = (); }; };
		754F62F21C959F950096C249 /* DDHotKeyTextField.m in Sources */ = {isa = PBXBuildFile; fileRef = 754F62F11C959F950096C249 /* DDHotKeyTextField.m */; settings = {ASSET_TAGS = (); }; };
		754F62F51C95A10A0096C249 /* Carbon.framework in Frameworks */ = {isa = PBXBuildFile; fileRef = 754F62F41C95A10A0096C249 /* Carbon.framework */; settings = {ASSET_TAGS = (); }; };
		75EB47DE1C96AB4100EC9DE6 /* Assets.xcassets in Resources */ = {isa = PBXBuildFile; fileRef = 7537E4FC1C94A00F0043C863 /* Assets.xcassets */; settings = {ASSET_TAGS = (); }; };
/* End PBXBuildFile section */

/* Begin PBXContainerItemProxy section */
		7537E51C1C94A0C70043C863 /* PBXContainerItemProxy */ = {
			isa = PBXContainerItemProxy;
			containerPortal = 7537E4E81C94A00F0043C863 /* Project object */;
			proxyType = 1;
			remoteGlobalIDString = 7537E50A1C94A0C60043C863;
			remoteInfo = todayWidget;
		};
/* End PBXContainerItemProxy section */

/* Begin PBXCopyFilesBuildPhase section */
		7537E5221C94A0C70043C863 /* Embed App Extensions */ = {
			isa = PBXCopyFilesBuildPhase;
			buildActionMask = 2147483647;
			dstPath = "";
			dstSubfolderSpec = 13;
			files = (
				7537E51E1C94A0C70043C863 /* todayWidget.appex in Embed App Extensions */,
			);
			name = "Embed App Extensions";
			runOnlyForDeploymentPostprocessing = 0;
		};
/* End PBXCopyFilesBuildPhase section */

/* Begin PBXFileReference section */
		7537E4F01C94A00F0043C863 /* DuoClipboardWidget.app */ = {isa = PBXFileReference; explicitFileType = wrapper.application; includeInIndex = 0; path = DuoClipboardWidget.app; sourceTree = BUILT_PRODUCTS_DIR; };
		7537E4F31C94A00F0043C863 /* AppDelegate.h */ = {isa = PBXFileReference; lastKnownFileType = sourcecode.c.h; path = AppDelegate.h; sourceTree = "<group>"; };
		7537E4F41C94A00F0043C863 /* AppDelegate.m */ = {isa = PBXFileReference; lastKnownFileType = sourcecode.c.objc; path = AppDelegate.m; sourceTree = "<group>"; };
		7537E4F71C94A00F0043C863 /* main.m */ = {isa = PBXFileReference; lastKnownFileType = sourcecode.c.objc; path = main.m; sourceTree = "<group>"; };
		7537E4F91C94A00F0043C863 /* ViewController.h */ = {isa = PBXFileReference; lastKnownFileType = sourcecode.c.h; path = ViewController.h; sourceTree = "<group>"; };
		7537E4FA1C94A00F0043C863 /* ViewController.m */ = {isa = PBXFileReference; lastKnownFileType = sourcecode.c.objc; path = ViewController.m; sourceTree = "<group>"; };
		7537E4FC1C94A00F0043C863 /* Assets.xcassets */ = {isa = PBXFileReference; lastKnownFileType = folder.assetcatalog; path = Assets.xcassets; sourceTree = "<group>"; };
		7537E4FF1C94A00F0043C863 /* Base */ = {isa = PBXFileReference; lastKnownFileType = file.storyboard; name = Base; path = Base.lproj/Main.storyboard; sourceTree = "<group>"; };
		7537E5011C94A00F0043C863 /* Info.plist */ = {isa = PBXFileReference; lastKnownFileType = text.plist.xml; path = Info.plist; sourceTree = "<group>"; };
		7537E50B1C94A0C70043C863 /* todayWidget.appex */ = {isa = PBXFileReference; explicitFileType = "wrapper.app-extension"; includeInIndex = 0; path = todayWidget.appex; sourceTree = BUILT_PRODUCTS_DIR; };
		7537E50D1C94A0C70043C863 /* NotificationCenter.framework */ = {isa = PBXFileReference; lastKnownFileType = wrapper.framework; name = NotificationCenter.framework; path = System/Library/Frameworks/NotificationCenter.framework; sourceTree = SDKROOT; };
		7537E5111C94A0C70043C863 /* todayWidget.entitlements */ = {isa = PBXFileReference; lastKnownFileType = text.xml; path = todayWidget.entitlements; sourceTree = "<group>"; };
		7537E5121C94A0C70043C863 /* TodayViewController.h */ = {isa = PBXFileReference; lastKnownFileType = sourcecode.c.h; path = TodayViewController.h; sourceTree = "<group>"; };
		7537E5131C94A0C70043C863 /* TodayViewController.m */ = {isa = PBXFileReference; lastKnownFileType = sourcecode.c.objc; path = TodayViewController.m; sourceTree = "<group>"; };
		7537E5161C94A0C70043C863 /* Base */ = {isa = PBXFileReference; lastKnownFileType = file.xib; name = Base; path = Base.lproj/TodayViewController.xib; sourceTree = "<group>"; };
		7537E5181C94A0C70043C863 /* Info.plist */ = {isa = PBXFileReference; lastKnownFileType = text.plist.xml; path = Info.plist; sourceTree = "<group>"; };
		7537E51A1C94A0C70043C863 /* en */ = {isa = PBXFileReference; lastKnownFileType = text.plist.strings; name = en; path = en.lproj/InfoPlist.strings; sourceTree = "<group>"; };
		7537E5231C94A9480043C863 /* ClipboardStorage.h */ = {isa = PBXFileReference; fileEncoding = 4; lastKnownFileType = sourcecode.c.h; path = ClipboardStorage.h; sourceTree = "<group>"; };
		7537E5241C94A9480043C863 /* ClipboardStorage.m */ = {isa = PBXFileReference; fileEncoding = 4; lastKnownFileType = sourcecode.c.objc; path = ClipboardStorage.m; sourceTree = "<group>"; };
		754F62EA1C959F5D0096C249 /* DDHotKeyCenter.h */ = {isa = PBXFileReference; fileEncoding = 4; lastKnownFileType = sourcecode.c.h; name = DDHotKeyCenter.h; path = "../../../../Downloads/DDHotKey-master/DDHotKeyCenter.h"; sourceTree = "<group>"; };
		754F62EB1C959F5D0096C249 /* DDHotKeyCenter.m */ = {isa = PBXFileReference; fileEncoding = 4; lastKnownFileType = sourcecode.c.objc; name = DDHotKeyCenter.m; path = "../../../../Downloads/DDHotKey-master/DDHotKeyCenter.m"; sourceTree = "<group>"; };
		754F62ED1C959F8B0096C249 /* DDHotKeyUtilities.h */ = {isa = PBXFileReference; fileEncoding = 4; lastKnownFileType = sourcecode.c.h; name = DDHotKeyUtilities.h; path = "../../../../Downloads/DDHotKey-master/DDHotKeyUtilities.h"; sourceTree = "<group>"; };
		754F62EE1C959F8B0096C249 /* DDHotKeyUtilities.m */ = {isa = PBXFileReference; fileEncoding = 4; lastKnownFileType = sourcecode.c.objc; name = DDHotKeyUtilities.m; path = "../../../../Downloads/DDHotKey-master/DDHotKeyUtilities.m"; sourceTree = "<group>"; };
		754F62F01C959F950096C249 /* DDHotKeyTextField.h */ = {isa = PBXFileReference; fileEncoding = 4; lastKnownFileType = sourcecode.c.h; name = DDHotKeyTextField.h; path = "../../../../Downloads/DDHotKey-master/DDHotKeyTextField.h"; sourceTree = "<group>"; };
		754F62F11C959F950096C249 /* DDHotKeyTextField.m */ = {isa = PBXFileReference; fileEncoding = 4; lastKnownFileType = sourcecode.c.objc; name = DDHotKeyTextField.m; path = "../../../../Downloads/DDHotKey-master/DDHotKeyTextField.m"; sourceTree = "<group>"; };
		754F62F41C95A10A0096C249 /* Carbon.framework */ = {isa = PBXFileReference; lastKnownFileType = wrapper.framework; name = Carbon.framework; path = ../../../../../System/Library/Frameworks/Carbon.framework; sourceTree = "<group>"; };
/* End PBXFileReference section */

/* Begin PBXFrameworksBuildPhase section */
		7537E4ED1C94A00F0043C863 /* Frameworks */ = {
			isa = PBXFrameworksBuildPhase;
			buildActionMask = 2147483647;
			files = (
			);
			runOnlyForDeploymentPostprocessing = 0;
		};
		7537E5081C94A0C60043C863 /* Frameworks */ = {
			isa = PBXFrameworksBuildPhase;
			buildActionMask = 2147483647;
			files = (
				7537E50E1C94A0C70043C863 /* NotificationCenter.framework in Frameworks */,
				754F62F51C95A10A0096C249 /* Carbon.framework in Frameworks */,
			);
			runOnlyForDeploymentPostprocessing = 0;
		};
/* End PBXFrameworksBuildPhase section */

/* Begin PBXGroup section */
		7537E4E71C94A00F0043C863 = {
			isa = PBXGroup;
			children = (
				7537E4F21C94A00F0043C863 /* DuoClipboardWidget */,
				7537E50F1C94A0C70043C863 /* todayWidget */,
				7537E50C1C94A0C70043C863 /* Frameworks */,
				7537E4F11C94A00F0043C863 /* Products */,
			);
			sourceTree = "<group>";
		};
		7537E4F11C94A00F0043C863 /* Products */ = {
			isa = PBXGroup;
			children = (
				7537E4F01C94A00F0043C863 /* DuoClipboardWidget.app */,
				7537E50B1C94A0C70043C863 /* todayWidget.appex */,
			);
			name = Products;
			sourceTree = "<group>";
		};
		7537E4F21C94A00F0043C863 /* DuoClipboardWidget */ = {
			isa = PBXGroup;
			children = (
				7537E4F31C94A00F0043C863 /* AppDelegate.h */,
				7537E4F41C94A00F0043C863 /* AppDelegate.m */,
				7537E4F91C94A00F0043C863 /* ViewController.h */,
				7537E4FA1C94A00F0043C863 /* ViewController.m */,
				7537E4FC1C94A00F0043C863 /* Assets.xcassets */,
				7537E4FE1C94A00F0043C863 /* Main.storyboard */,
				7537E5011C94A00F0043C863 /* Info.plist */,
				7537E4F61C94A00F0043C863 /* Supporting Files */,
			);
			path = DuoClipboardWidget;
			sourceTree = "<group>";
		};
		7537E4F61C94A00F0043C863 /* Supporting Files */ = {
			isa = PBXGroup;
			children = (
				7537E4F71C94A00F0043C863 /* main.m */,
			);
			name = "Supporting Files";
			sourceTree = "<group>";
		};
		7537E50C1C94A0C70043C863 /* Frameworks */ = {
			isa = PBXGroup;
			children = (
				754F62F41C95A10A0096C249 /* Carbon.framework */,
				7537E50D1C94A0C70043C863 /* NotificationCenter.framework */,
			);
			name = Frameworks;
			sourceTree = "<group>";
		};
		7537E50F1C94A0C70043C863 /* todayWidget */ = {
			isa = PBXGroup;
			children = (
				754F62F31C959FAB0096C249 /* DDHotKey */,
				7537E5121C94A0C70043C863 /* TodayViewController.h */,
				7537E5131C94A0C70043C863 /* TodayViewController.m */,
				7537E5151C94A0C70043C863 /* TodayViewController.xib */,
				7537E5231C94A9480043C863 /* ClipboardStorage.h */,
				7537E5241C94A9480043C863 /* ClipboardStorage.m */,
				7537E5181C94A0C70043C863 /* Info.plist */,
				7537E5191C94A0C70043C863 /* InfoPlist.strings */,
				7537E5101C94A0C70043C863 /* Supporting Files */,
			);
			path = todayWidget;
			sourceTree = "<group>";
		};
		7537E5101C94A0C70043C863 /* Supporting Files */ = {
			isa = PBXGroup;
			children = (
				7537E5111C94A0C70043C863 /* todayWidget.entitlements */,
			);
			name = "Supporting Files";
			sourceTree = "<group>";
		};
		754F62F31C959FAB0096C249 /* DDHotKey */ = {
			isa = PBXGroup;
			children = (
				754F62EA1C959F5D0096C249 /* DDHotKeyCenter.h */,
				754F62EB1C959F5D0096C249 /* DDHotKeyCenter.m */,
				754F62ED1C959F8B0096C249 /* DDHotKeyUtilities.h */,
				754F62EE1C959F8B0096C249 /* DDHotKeyUtilities.m */,
				754F62F01C959F950096C249 /* DDHotKeyTextField.h */,
				754F62F11C959F950096C249 /* DDHotKeyTextField.m */,
			);
			name = DDHotKey;
			sourceTree = "<group>";
		};
/* End PBXGroup section */

/* Begin PBXNativeTarget section */
		7537E4EF1C94A00F0043C863 /* DuoClipboardWidget */ = {
			isa = PBXNativeTarget;
			buildConfigurationList = 7537E5041C94A00F0043C863 /* Build configuration list for PBXNativeTarget "DuoClipboardWidget" */;
			buildPhases = (
				7537E4EC1C94A00F0043C863 /* Sources */,
				7537E4ED1C94A00F0043C863 /* Frameworks */,
				7537E4EE1C94A00F0043C863 /* Resources */,
				7537E5221C94A0C70043C863 /* Embed App Extensions */,
			);
			buildRules = (
			);
			dependencies = (
				7537E51D1C94A0C70043C863 /* PBXTargetDependency */,
			);
			name = DuoClipboardWidget;
			productName = DuoClipboardWidget;
			productReference = 7537E4F01C94A00F0043C863 /* DuoClipboardWidget.app */;
			productType = "com.apple.product-type.application";
		};
		7537E50A1C94A0C60043C863 /* todayWidget */ = {
			isa = PBXNativeTarget;
			buildConfigurationList = 7537E51F1C94A0C70043C863 /* Build configuration list for PBXNativeTarget "todayWidget" */;
			buildPhases = (
				7537E5071C94A0C60043C863 /* Sources */,
				7537E5081C94A0C60043C863 /* Frameworks */,
				7537E5091C94A0C60043C863 /* Resources */,
			);
			buildRules = (
			);
			dependencies = (
			);
			name = todayWidget;
			productName = todayWidget;
			productReference = 7537E50B1C94A0C70043C863 /* todayWidget.appex */;
			productType = "com.apple.product-type.app-extension";
		};
/* End PBXNativeTarget section */

/* Begin PBXProject section */
		7537E4E81C94A00F0043C863 /* Project object */ = {
			isa = PBXProject;
			attributes = {
				LastUpgradeCheck = 0700;
				ORGANIZATIONNAME = Andrei;
				TargetAttributes = {
					7537E4EF1C94A00F0043C863 = {
						CreatedOnToolsVersion = 7.0.1;
					};
					7537E50A1C94A0C60043C863 = {
						CreatedOnToolsVersion = 7.0.1;
					};
				};
			};
			buildConfigurationList = 7537E4EB1C94A00F0043C863 /* Build configuration list for PBXProject "DuoClipboardWidget" */;
			compatibilityVersion = "Xcode 3.2";
			developmentRegion = English;
			hasScannedForEncodings = 0;
			knownRegions = (
				en,
				Base,
			);
			mainGroup = 7537E4E71C94A00F0043C863;
			productRefGroup = 7537E4F11C94A00F0043C863 /* Products */;
			projectDirPath = "";
			projectRoot = "";
			targets = (
				7537E4EF1C94A00F0043C863 /* DuoClipboardWidget */,
				7537E50A1C94A0C60043C863 /* todayWidget */,
			);
		};
/* End PBXProject section */

/* Begin PBXResourcesBuildPhase section */
		7537E4EE1C94A00F0043C863 /* Resources */ = {
			isa = PBXResourcesBuildPhase;
			buildActionMask = 2147483647;
			files = (
				7537E4FD1C94A00F0043C863 /* Assets.xcassets in Resources */,
				7537E5001C94A00F0043C863 /* Main.storyboard in Resources */,
			);
			runOnlyForDeploymentPostprocessing = 0;
		};
		7537E5091C94A0C60043C863 /* Resources */ = {
			isa = PBXResourcesBuildPhase;
			buildActionMask = 2147483647;
			files = (
				7537E5171C94A0C70043C863 /* TodayViewController.xib in Resources */,
				75EB47DE1C96AB4100EC9DE6 /* Assets.xcassets in Resources */,
				7537E51B1C94A0C70043C863 /* InfoPlist.strings in Resources */,
			);
			runOnlyForDeploymentPostprocessing = 0;
		};
/* End PBXResourcesBuildPhase section */

/* Begin PBXSourcesBuildPhase section */
		7537E4EC1C94A00F0043C863 /* Sources */ = {
			isa = PBXSourcesBuildPhase;
			buildActionMask = 2147483647;
			files = (
				7537E4FB1C94A00F0043C863 /* ViewController.m in Sources */,
				7537E4F81C94A00F0043C863 /* main.m in Sources */,
				7537E4F51C94A00F0043C863 /* AppDelegate.m in Sources */,
			);
			runOnlyForDeploymentPostprocessing = 0;
		};
		7537E5071C94A0C60043C863 /* Sources */ = {
			isa = PBXSourcesBuildPhase;
			buildActionMask = 2147483647;
			files = (
				7537E5251C94A9480043C863 /* ClipboardStorage.m in Sources */,
				754F62F21C959F950096C249 /* DDHotKeyTextField.m in Sources */,
				754F62EC1C959F5D0096C249 /* DDHotKeyCenter.m in Sources */,
				754F62EF1C959F8B0096C249 /* DDHotKeyUtilities.m in Sources */,
				7537E5141C94A0C70043C863 /* TodayViewController.m in Sources */,
			);
			runOnlyForDeploymentPostprocessing = 0;
		};
/* End PBXSourcesBuildPhase section */

/* Begin PBXTargetDependency section */
		7537E51D1C94A0C70043C863 /* PBXTargetDependency */ = {
			isa = PBXTargetDependency;
			target = 7537E50A1C94A0C60043C863 /* todayWidget */;
			targetProxy = 7537E51C1C94A0C70043C863 /* PBXContainerItemProxy */;
		};
/* End PBXTargetDependency section */

/* Begin PBXVariantGroup section */
		7537E4FE1C94A00F0043C863 /* Main.storyboard */ = {
			isa = PBXVariantGroup;
			children = (
				7537E4FF1C94A00F0043C863 /* Base */,
			);
			name = Main.storyboard;
			sourceTree = "<group>";
		};
		7537E5151C94A0C70043C863 /* TodayViewController.xib */ = {
			isa = PBXVariantGroup;
			children = (
				7537E5161C94A0C70043C863 /* Base */,
			);
			name = TodayViewController.xib;
			sourceTree = "<group>";
		};
		7537E5191C94A0C70043C863 /* InfoPlist.strings */ = {
			isa = PBXVariantGroup;
			children = (
				7537E51A1C94A0C70043C863 /* en */,
			);
			name = InfoPlist.strings;
			sourceTree = "<group>";
		};
/* End PBXVariantGroup section */

/* Begin XCBuildConfiguration section */
		7537E5021C94A00F0043C863 /* Debug */ = {
			isa = XCBuildConfiguration;
			buildSettings = {
				ALWAYS_SEARCH_USER_PATHS = NO;
				CLANG_CXX_LANGUAGE_STANDARD = "gnu++0x";
				CLANG_CXX_LIBRARY = "libc++";
				CLANG_ENABLE_MODULES = YES;
				CLANG_ENABLE_OBJC_ARC = YES;
				CLANG_WARN_BOOL_CONVERSION = YES;
				CLANG_WARN_CONSTANT_CONVERSION = YES;
				CLANG_WARN_DIRECT_OBJC_ISA_USAGE = YES_ERROR;
				CLANG_WARN_EMPTY_BODY = YES;
				CLANG_WARN_ENUM_CONVERSION = YES;
				CLANG_WARN_INT_CONVERSION = YES;
				CLANG_WARN_OBJC_ROOT_CLASS = YES_ERROR;
				CLANG_WARN_UNREACHABLE_CODE = YES;
				CLANG_WARN__DUPLICATE_METHOD_MATCH = YES;
				CODE_SIGN_IDENTITY = "-";
				COPY_PHASE_STRIP = NO;
				DEBUG_INFORMATION_FORMAT = dwarf;
				ENABLE_STRICT_OBJC_MSGSEND = YES;
				ENABLE_TESTABILITY = YES;
				GCC_C_LANGUAGE_STANDARD = gnu99;
				GCC_DYNAMIC_NO_PIC = NO;
				GCC_NO_COMMON_BLOCKS = YES;
				GCC_OPTIMIZATION_LEVEL = 0;
				GCC_PREPROCESSOR_DEFINITIONS = (
					"DEBUG=1",
					"$(inherited)",
				);
				GCC_WARN_64_TO_32_BIT_CONVERSION = YES;
				GCC_WARN_ABOUT_RETURN_TYPE = YES_ERROR;
				GCC_WARN_UNDECLARED_SELECTOR = YES;
				GCC_WARN_UNINITIALIZED_AUTOS = YES_AGGRESSIVE;
				GCC_WARN_UNUSED_FUNCTION = YES;
				GCC_WARN_UNUSED_VARIABLE = YES;
				MACOSX_DEPLOYMENT_TARGET = 10.11;
				MTL_ENABLE_DEBUG_INFO = YES;
				ONLY_ACTIVE_ARCH = YES;
				SDKROOT = macosx;
			};
			name = Debug;
		};
		7537E5031C94A00F0043C863 /* Release */ = {
			isa = XCBuildConfiguration;
			buildSettings = {
				ALWAYS_SEARCH_USER_PATHS = NO;
				CLANG_CXX_LANGUAGE_STANDARD = "gnu++0x";
				CLANG_CXX_LIBRARY = "libc++";
				CLANG_ENABLE_MODULES = YES;
				CLANG_ENABLE_OBJC_ARC = YES;
				CLANG_WARN_BOOL_CONVERSION = YES;
				CLANG_WARN_CONSTANT_CONVERSION = YES;
				CLANG_WARN_DIRECT_OBJC_ISA_USAGE = YES_ERROR;
				CLANG_WARN_EMPTY_BODY = YES;
				CLANG_WARN_ENUM_CONVERSION = YES;
				CLANG_WARN_INT_CONVERSION = YES;
				CLANG_WARN_OBJC_ROOT_CLASS = YES_ERROR;
				CLANG_WARN_UNREACHABLE_CODE = YES;
				CLANG_WARN__DUPLICATE_METHOD_MATCH = YES;
				CODE_SIGN_IDENTITY = "-";
				COPY_PHASE_STRIP = NO;
				DEBUG_INFORMATION_FORMAT = "dwarf-with-dsym";
				ENABLE_NS_ASSERTIONS = NO;
				ENABLE_STRICT_OBJC_MSGSEND = YES;
				GCC_C_LANGUAGE_STANDARD = gnu99;
				GCC_NO_COMMON_BLOCKS = YES;
				GCC_WARN_64_TO_32_BIT_CONVERSION = YES;
				GCC_WARN_ABOUT_RETURN_TYPE = YES_ERROR;
				GCC_WARN_UNDECLARED_SELECTOR = YES;
				GCC_WARN_UNINITIALIZED_AUTOS = YES_AGGRESSIVE;
				GCC_WARN_UNUSED_FUNCTION = YES;
				GCC_WARN_UNUSED_VARIABLE = YES;
				MACOSX_DEPLOYMENT_TARGET = 10.11;
				MTL_ENABLE_DEBUG_INFO = NO;
				SDKROOT = macosx;
			};
			name = Release;
		};
		7537E5051C94A00F0043C863 /* Debug */ = {
			isa = XCBuildConfiguration;
			buildSettings = {
				ASSETCATALOG_COMPILER_APPICON_NAME = AppIcon;
				COMBINE_HIDPI_IMAGES = YES;
				INFOPLIST_FILE = DuoClipboardWidget/Info.plist;
				LD_RUNPATH_SEARCH_PATHS = "$(inherited) @executable_path/../Frameworks";
				PRODUCT_BUNDLE_IDENTIFIER = andrei.DuoClipboardWidget;
				PRODUCT_NAME = "$(TARGET_NAME)";
			};
			name = Debug;
		};
		7537E5061C94A00F0043C863 /* Release */ = {
			isa = XCBuildConfiguration;
			buildSettings = {
				ASSETCATALOG_COMPILER_APPICON_NAME = AppIcon;
				COMBINE_HIDPI_IMAGES = YES;
				INFOPLIST_FILE = DuoClipboardWidget/Info.plist;
				LD_RUNPATH_SEARCH_PATHS = "$(inherited) @executable_path/../Frameworks";
				PRODUCT_BUNDLE_IDENTIFIER = andrei.DuoClipboardWidget;
				PRODUCT_NAME = "$(TARGET_NAME)";
			};
			name = Release;
		};
		7537E5201C94A0C70043C863 /* Debug */ = {
			isa = XCBuildConfiguration;
			buildSettings = {
				CODE_SIGN_ENTITLEMENTS = todayWidget/todayWidget.entitlements;
				CODE_SIGN_IDENTITY = "-";
				COMBINE_HIDPI_IMAGES = YES;
				INFOPLIST_FILE = todayWidget/Info.plist;
				LD_RUNPATH_SEARCH_PATHS = "$(inherited) @executable_path/../Frameworks @executable_path/../../../../Frameworks";
				PRODUCT_BUNDLE_IDENTIFIER = andrei.DuoClipboardWidget.todayWidget;
				PRODUCT_NAME = "$(TARGET_NAME)";
				SKIP_INSTALL = YES;
			};
			name = Debug;
		};
		7537E5211C94A0C70043C863 /* Release */ = {
			isa = XCBuildConfiguration;
			buildSettings = {
				CODE_SIGN_ENTITLEMENTS = todayWidget/todayWidget.entitlements;
				CODE_SIGN_IDENTITY = "-";
				COMBINE_HIDPI_IMAGES = YES;
				INFOPLIST_FILE = todayWidget/Info.plist;
				LD_RUNPATH_SEARCH_PATHS = "$(inherited) @executable_path/../Frameworks @executable_path/../../../../Frameworks";
				PRODUCT_BUNDLE_IDENTIFIER = andrei.DuoClipboardWidget.todayWidget;
				PRODUCT_NAME = "$(TARGET_NAME)";
				SKIP_INSTALL = YES;
			};
			name = Release;
		};
/* End XCBuildConfiguration section */

/* Begin XCConfigurationList section */
		7537E4EB1C94A00F0043C863 /* Build configuration list for PBXProject "DuoClipboardWidget" */ = {
			isa = XCConfigurationList;
			buildConfigurations = (
				7537E5021C94A00F0043C863 /* Debug */,
				7537E5031C94A00F0043C863 /* Release */,
			);
			defaultConfigurationIsVisible = 0;
			defaultConfigurationName = Release;
		};
		7537E5041C94A00F0043C863 /* Build configuration list for PBXNativeTarget "DuoClipboardWidget" */ = {
			isa = XCConfigurationList;
			buildConfigurations = (
				7537E5051C94A00F0043C863 /* Debug */,
				7537E5061C94A00F0043C863 /* Release */,
			);
			defaultConfigurationIsVisible = 0;
			defaultConfigurationName = Release;
		};
		7537E51F1C94A0C70043C863 /* Build configuration list for PBXNativeTarget "todayWidget" */ = {
			isa = XCConfigurationList;
			buildConfigurations = (
				7537E5201C94A0C70043C863 /* Debug */,
				7537E5211C94A0C70043C863 /* Release */,
			);
			defaultConfigurationIsVisible = 0;
			defaultConfigurationName = Release;
		};
/* End XCConfigurationList section */
	};
	rootObject = 7537E4E81C94A00F0043C863 /* Project object */;
}
